
Microsoft Visual Studio Solution File, Format Version 12.00
# Visual Studio Version 16
VisualStudioVersion = 16.0.33328.57
MinimumVisualStudioVersion = 10.0.40219.1
Project("{FAE04EC0-301F-11D3-BF4B-00C04F79EFBC}") = "Solução3.2", "Solução3.2\Solução3.2.csproj", "{9A918BCF-07E3-432A-86FB-225687F41561}"
EndProject
Global
	GlobalSection(SolutionConfigurationPlatforms) = preSolution
		Debug|Any CPU = Debug|Any CPU
		Release|Any CPU = Release|Any CPU
	EndGlobalSection
	GlobalSection(ProjectConfigurationPlatforms) = postSolution
		{9A918BCF-07E3-432A-86FB-225687F41561}.Debug|Any CPU.ActiveCfg = Debug|Any CPU
		{9A918BCF-07E3-432A-86FB-225687F41561}.Debug|Any CPU.Build.0 = Debug|Any CPU
		{9A918BCF-07E3-432A-86FB-225687F41561}.Release|Any CPU.ActiveCfg = Release|Any CPU
		{9A918BCF-07E3-432A-86FB-225687F41561}.Release|Any CPU.Build.0 = Release|Any CPU
	EndGlobalSection
	GlobalSection(SolutionProperties) = preSolution
		HideSolutionNode = FALSE
	EndGlobalSection
	GlobalSection(ExtensibilityGlobals) = postSolution
		SolutionGuid = {0CDF128A-FDA7-454F-89ED-8729371DAACE}
	EndGlobalSection
EndGlobal
